
Microsoft Visual Studio Solution File, Format Version 12.00
# Visual Studio 14
VisualStudioVersion = 14.0.25420.1
MinimumVisualStudioVersion = 10.0.40219.1
Project("{FAE04EC0-301F-11D3-BF4B-00C04F79EFBC}") = "Day_9", "Day_9\Day_9.csproj", "{61EA0C87-B29C-4177-B3BB-7BBE8F02BA24}"
EndProject
Project("{FAE04EC0-301F-11D3-BF4B-00C04F79EFBC}") = "Day_9.Tests", "Day_9.Tests\Day_9.Tests.csproj", "{A7E6DF27-4A87-4664-B7BC-EF6841448644}"
EndProject
Project("{FAE04EC0-301F-11D3-BF4B-00C04F79EFBC}") = "Day_9_Pt_2", "Day_9_Pt_2\Day_9_Pt_2.csproj", "{58DABA9A-6AFB-4245-A767-A2CF11B139BF}"
EndProject
Project("{FAE04EC0-301F-11D3-BF4B-00C04F79EFBC}") = "Day_9_Pt_2.Tests", "Day_9_Pt_2.Tests\Day_9_Pt_2.Tests.csproj", "{86DAB5F4-BB28-4BF0-BF22-116466AB3330}"
EndProject
Global
	GlobalSection(SolutionConfigurationPlatforms) = preSolution
		Debug|Any CPU = Debug|Any CPU
		Release|Any CPU = Release|Any CPU
	EndGlobalSection
	GlobalSection(ProjectConfigurationPlatforms) = postSolution
		{61EA0C87-B29C-4177-B3BB-7BBE8F02BA24}.Debug|Any CPU.ActiveCfg = Debug|Any CPU
		{61EA0C87-B29C-4177-B3BB-7BBE8F02BA24}.Debug|Any CPU.Build.0 = Debug|Any CPU
		{61EA0C87-B29C-4177-B3BB-7BBE8F02BA24}.Release|Any CPU.ActiveCfg = Release|Any CPU
		{61EA0C87-B29C-4177-B3BB-7BBE8F02BA24}.Release|Any CPU.Build.0 = Release|Any CPU
		{A7E6DF27-4A87-4664-B7BC-EF6841448644}.Debug|Any CPU.ActiveCfg = Debug|Any CPU
		{A7E6DF27-4A87-4664-B7BC-EF6841448644}.Debug|Any CPU.Build.0 = Debug|Any CPU
		{A7E6DF27-4A87-4664-B7BC-EF6841448644}.Release|Any CPU.ActiveCfg = Release|Any CPU
		{A7E6DF27-4A87-4664-B7BC-EF6841448644}.Release|Any CPU.Build.0 = Release|Any CPU
		{58DABA9A-6AFB-4245-A767-A2CF11B139BF}.Debug|Any CPU.ActiveCfg = Debug|Any CPU
		{58DABA9A-6AFB-4245-A767-A2CF11B139BF}.Debug|Any CPU.Build.0 = Debug|Any CPU
		{58DABA9A-6AFB-4245-A767-A2CF11B139BF}.Release|Any CPU.ActiveCfg = Release|Any CPU
		{58DABA9A-6AFB-4245-A767-A2CF11B139BF}.Release|Any CPU.Build.0 = Release|Any CPU
		{86DAB5F4-BB28-4BF0-BF22-116466AB3330}.Debug|Any CPU.ActiveCfg = Debug|Any CPU
		{86DAB5F4-BB28-4BF0-BF22-116466AB3330}.Debug|Any CPU.Build.0 = Debug|Any CPU
		{86DAB5F4-BB28-4BF0-BF22-116466AB3330}.Release|Any CPU.ActiveCfg = Release|Any CPU
		{86DAB5F4-BB28-4BF0-BF22-116466AB3330}.Release|Any CPU.Build.0 = Release|Any CPU
	EndGlobalSection
	GlobalSection(SolutionProperties) = preSolution
		HideSolutionNode = FALSE
	EndGlobalSection
EndGlobal
