
Microsoft Visual Studio Solution File, Format Version 12.00
# Visual Studio 14
VisualStudioVersion = 14.0.25420.1
MinimumVisualStudioVersion = 10.0.40219.1
Project("{FAE04EC0-301F-11D3-BF4B-00C04F79EFBC}") = "Day_20", "Day_20.csproj", "{167385B8-585C-4BA0-AE36-937C3F64610E}"
EndProject
Project("{FAE04EC0-301F-11D3-BF4B-00C04F79EFBC}") = "Day_20.Tests", "..\Day_20.Tests\Day_20.Tests.csproj", "{A477D52C-5C20-4FA5-9A92-E00AF1A7EA54}"
EndProject
Global
	GlobalSection(SolutionConfigurationPlatforms) = preSolution
		Debug|Any CPU = Debug|Any CPU
		Release|Any CPU = Release|Any CPU
	EndGlobalSection
	GlobalSection(ProjectConfigurationPlatforms) = postSolution
		{167385B8-585C-4BA0-AE36-937C3F64610E}.Debug|Any CPU.ActiveCfg = Debug|Any CPU
		{167385B8-585C-4BA0-AE36-937C3F64610E}.Debug|Any CPU.Build.0 = Debug|Any CPU
		{167385B8-585C-4BA0-AE36-937C3F64610E}.Release|Any CPU.ActiveCfg = Release|Any CPU
		{167385B8-585C-4BA0-AE36-937C3F64610E}.Release|Any CPU.Build.0 = Release|Any CPU
		{A477D52C-5C20-4FA5-9A92-E00AF1A7EA54}.Debug|Any CPU.ActiveCfg = Debug|Any CPU
		{A477D52C-5C20-4FA5-9A92-E00AF1A7EA54}.Debug|Any CPU.Build.0 = Debug|Any CPU
		{A477D52C-5C20-4FA5-9A92-E00AF1A7EA54}.Release|Any CPU.ActiveCfg = Release|Any CPU
		{A477D52C-5C20-4FA5-9A92-E00AF1A7EA54}.Release|Any CPU.Build.0 = Release|Any CPU
	EndGlobalSection
	GlobalSection(SolutionProperties) = preSolution
		HideSolutionNode = FALSE
	EndGlobalSection
EndGlobal
