
Microsoft Visual Studio Solution File, Format Version 12.00
# Visual Studio 14
VisualStudioVersion = 14.0.25420.1
MinimumVisualStudioVersion = 10.0.40219.1
Project("{FAE04EC0-301F-11D3-BF4B-00C04F79EFBC}") = "Day_23", "Day_23.csproj", "{63956D7C-0A05-43F7-A9B1-ABA0352651A1}"
EndProject
Project("{FAE04EC0-301F-11D3-BF4B-00C04F79EFBC}") = "Day_23.Tests", "..\Day_23.Tests\Day_23.Tests.csproj", "{74287C15-7D9B-4768-9D03-C46A45F9540A}"
EndProject
Global
	GlobalSection(SolutionConfigurationPlatforms) = preSolution
		Debug|Any CPU = Debug|Any CPU
		Release|Any CPU = Release|Any CPU
	EndGlobalSection
	GlobalSection(ProjectConfigurationPlatforms) = postSolution
		{63956D7C-0A05-43F7-A9B1-ABA0352651A1}.Debug|Any CPU.ActiveCfg = Debug|Any CPU
		{63956D7C-0A05-43F7-A9B1-ABA0352651A1}.Debug|Any CPU.Build.0 = Debug|Any CPU
		{63956D7C-0A05-43F7-A9B1-ABA0352651A1}.Release|Any CPU.ActiveCfg = Release|Any CPU
		{63956D7C-0A05-43F7-A9B1-ABA0352651A1}.Release|Any CPU.Build.0 = Release|Any CPU
		{74287C15-7D9B-4768-9D03-C46A45F9540A}.Debug|Any CPU.ActiveCfg = Debug|Any CPU
		{74287C15-7D9B-4768-9D03-C46A45F9540A}.Debug|Any CPU.Build.0 = Debug|Any CPU
		{74287C15-7D9B-4768-9D03-C46A45F9540A}.Release|Any CPU.ActiveCfg = Release|Any CPU
		{74287C15-7D9B-4768-9D03-C46A45F9540A}.Release|Any CPU.Build.0 = Release|Any CPU
	EndGlobalSection
	GlobalSection(SolutionProperties) = preSolution
		HideSolutionNode = FALSE
	EndGlobalSection
EndGlobal
