
Microsoft Visual Studio Solution File, Format Version 12.00
# Visual Studio 14
VisualStudioVersion = 14.0.25420.1
MinimumVisualStudioVersion = 10.0.40219.1
Project("{FAE04EC0-301F-11D3-BF4B-00C04F79EFBC}") = "Day_3_1", "Day_3_1\Day_3_1.csproj", "{E79C9154-0219-46BE-B405-0DF0F8C313B0}"
EndProject
Project("{FAE04EC0-301F-11D3-BF4B-00C04F79EFBC}") = "Day_3_1.Tests", "Day_3_1.Tests\Day_3_1.Tests.csproj", "{4516AFA8-C036-4016-9C3C-B79B1501FD2D}"
EndProject
Project("{FAE04EC0-301F-11D3-BF4B-00C04F79EFBC}") = "Day_3_2", "Day_3_2\Day_3_2.csproj", "{9DEE6B82-1110-4A62-93D6-C593FCB9C8F8}"
EndProject
Project("{FAE04EC0-301F-11D3-BF4B-00C04F79EFBC}") = "Day_3_2.Tests", "Day_3_2.Tests\Day_3_2.Tests.csproj", "{14CEDE42-F10A-487B-ADDA-2C2338F7D40B}"
EndProject
Global
	GlobalSection(SolutionConfigurationPlatforms) = preSolution
		Debug|Any CPU = Debug|Any CPU
		Release|Any CPU = Release|Any CPU
	EndGlobalSection
	GlobalSection(ProjectConfigurationPlatforms) = postSolution
		{E79C9154-0219-46BE-B405-0DF0F8C313B0}.Debug|Any CPU.ActiveCfg = Debug|Any CPU
		{E79C9154-0219-46BE-B405-0DF0F8C313B0}.Debug|Any CPU.Build.0 = Debug|Any CPU
		{E79C9154-0219-46BE-B405-0DF0F8C313B0}.Release|Any CPU.ActiveCfg = Release|Any CPU
		{E79C9154-0219-46BE-B405-0DF0F8C313B0}.Release|Any CPU.Build.0 = Release|Any CPU
		{4516AFA8-C036-4016-9C3C-B79B1501FD2D}.Debug|Any CPU.ActiveCfg = Debug|Any CPU
		{4516AFA8-C036-4016-9C3C-B79B1501FD2D}.Debug|Any CPU.Build.0 = Debug|Any CPU
		{4516AFA8-C036-4016-9C3C-B79B1501FD2D}.Release|Any CPU.ActiveCfg = Release|Any CPU
		{4516AFA8-C036-4016-9C3C-B79B1501FD2D}.Release|Any CPU.Build.0 = Release|Any CPU
		{9DEE6B82-1110-4A62-93D6-C593FCB9C8F8}.Debug|Any CPU.ActiveCfg = Debug|Any CPU
		{9DEE6B82-1110-4A62-93D6-C593FCB9C8F8}.Debug|Any CPU.Build.0 = Debug|Any CPU
		{9DEE6B82-1110-4A62-93D6-C593FCB9C8F8}.Release|Any CPU.ActiveCfg = Release|Any CPU
		{9DEE6B82-1110-4A62-93D6-C593FCB9C8F8}.Release|Any CPU.Build.0 = Release|Any CPU
		{14CEDE42-F10A-487B-ADDA-2C2338F7D40B}.Debug|Any CPU.ActiveCfg = Debug|Any CPU
		{14CEDE42-F10A-487B-ADDA-2C2338F7D40B}.Debug|Any CPU.Build.0 = Debug|Any CPU
		{14CEDE42-F10A-487B-ADDA-2C2338F7D40B}.Release|Any CPU.ActiveCfg = Release|Any CPU
		{14CEDE42-F10A-487B-ADDA-2C2338F7D40B}.Release|Any CPU.Build.0 = Release|Any CPU
	EndGlobalSection
	GlobalSection(SolutionProperties) = preSolution
		HideSolutionNode = FALSE
	EndGlobalSection
EndGlobal
